
Microsoft Visual Studio Solution File, Format Version 12.00
# Visual Studio 15
Project("{FAE04EC0-301F-11D3-BF4B-00C04F79EFBC}") = "dotnet_core_weather_api", "dotnet_core_weather_api.csproj", "{27FA5A45-CEBF-4661-B155-607EE5A55B61}"
EndProject
Global
	GlobalSection(SolutionConfigurationPlatforms) = preSolution
		Debug|Any CPU = Debug|Any CPU
		Release|Any CPU = Release|Any CPU
	EndGlobalSection
	GlobalSection(ProjectConfigurationPlatforms) = postSolution
		{27FA5A45-CEBF-4661-B155-607EE5A55B61}.Debug|Any CPU.ActiveCfg = Debug|Any CPU
		{27FA5A45-CEBF-4661-B155-607EE5A55B61}.Debug|Any CPU.Build.0 = Debug|Any CPU
		{27FA5A45-CEBF-4661-B155-607EE5A55B61}.Release|Any CPU.ActiveCfg = Release|Any CPU
		{27FA5A45-CEBF-4661-B155-607EE5A55B61}.Release|Any CPU.Build.0 = Release|Any CPU
	EndGlobalSection
EndGlobal
